
Microsoft Visual Studio Solution File, Format Version 12.00
# Visual Studio Version 16
VisualStudioVersion = 16.0.31205.134
MinimumVisualStudioVersion = 10.0.40219.1
Project("{2150E333-8FDC-42A3-9474-1A3956D46DE8}") = "Src", "Src", "{67F49AFC-51F1-4936-AD83-074D6A96278F}"
EndProject
Project("{2150E333-8FDC-42A3-9474-1A3956D46DE8}") = "Core", "Core", "{A73B887D-4B28-4B95-9C31-C91C8638D8A1}"
EndProject
Project("{2150E333-8FDC-42A3-9474-1A3956D46DE8}") = "Infrastructure", "Infrastructure", "{EDFCDEAB-B0FC-4F30-9679-C3FD6E452257}"
EndProject
Project("{2150E333-8FDC-42A3-9474-1A3956D46DE8}") = "Presentation", "Presentation", "{5CDE2C82-7800-47E9-9BA5-C9266A813BC8}"
EndProject
Project("{FAE04EC0-301F-11D3-BF4B-00C04F79EFBC}") = "Application", "Src\Core\Application\Application.csproj", "{2B84D854-100A-430B-A3E3-A3ED5F176533}"
EndProject
Project("{FAE04EC0-301F-11D3-BF4B-00C04F79EFBC}") = "Common", "Src\Core\Common\Common.csproj", "{D723E159-21AE-45F5-81F5-9E72AD964C42}"
EndProject
Project("{FAE04EC0-301F-11D3-BF4B-00C04F79EFBC}") = "Domain", "Src\Core\Domain\Domain.csproj", "{5256C3F4-F73B-44BA-9D66-7B30B380FB0D}"
EndProject
Project("{FAE04EC0-301F-11D3-BF4B-00C04F79EFBC}") = "Infrastructure", "Src\Infrastructure\Infrastructure\Infrastructure.csproj", "{4DB13649-C818-4D42-B82D-0A45641C1E68}"
EndProject
Project("{FAE04EC0-301F-11D3-BF4B-00C04F79EFBC}") = "Persistence", "Src\Infrastructure\Persistence\Persistence.csproj", "{C025C575-38AD-4AC6-837B-BE75D268B0D2}"
EndProject
Project("{FAE04EC0-301F-11D3-BF4B-00C04F79EFBC}") = "WebUI", "Src\Presentation\WebUI\WebUI.csproj", "{18CDCBF1-2792-4C81-BF14-D96BC929AC4E}"
EndProject
Global
	GlobalSection(SolutionConfigurationPlatforms) = preSolution
		Debug|Any CPU = Debug|Any CPU
		Release|Any CPU = Release|Any CPU
	EndGlobalSection
	GlobalSection(ProjectConfigurationPlatforms) = postSolution
		{2B84D854-100A-430B-A3E3-A3ED5F176533}.Debug|Any CPU.ActiveCfg = Debug|Any CPU
		{2B84D854-100A-430B-A3E3-A3ED5F176533}.Debug|Any CPU.Build.0 = Debug|Any CPU
		{2B84D854-100A-430B-A3E3-A3ED5F176533}.Release|Any CPU.ActiveCfg = Release|Any CPU
		{2B84D854-100A-430B-A3E3-A3ED5F176533}.Release|Any CPU.Build.0 = Release|Any CPU
		{D723E159-21AE-45F5-81F5-9E72AD964C42}.Debug|Any CPU.ActiveCfg = Debug|Any CPU
		{D723E159-21AE-45F5-81F5-9E72AD964C42}.Debug|Any CPU.Build.0 = Debug|Any CPU
		{D723E159-21AE-45F5-81F5-9E72AD964C42}.Release|Any CPU.ActiveCfg = Release|Any CPU
		{D723E159-21AE-45F5-81F5-9E72AD964C42}.Release|Any CPU.Build.0 = Release|Any CPU
		{5256C3F4-F73B-44BA-9D66-7B30B380FB0D}.Debug|Any CPU.ActiveCfg = Debug|Any CPU
		{5256C3F4-F73B-44BA-9D66-7B30B380FB0D}.Debug|Any CPU.Build.0 = Debug|Any CPU
		{5256C3F4-F73B-44BA-9D66-7B30B380FB0D}.Release|Any CPU.ActiveCfg = Release|Any CPU
		{5256C3F4-F73B-44BA-9D66-7B30B380FB0D}.Release|Any CPU.Build.0 = Release|Any CPU
		{4DB13649-C818-4D42-B82D-0A45641C1E68}.Debug|Any CPU.ActiveCfg = Debug|Any CPU
		{4DB13649-C818-4D42-B82D-0A45641C1E68}.Debug|Any CPU.Build.0 = Debug|Any CPU
		{4DB13649-C818-4D42-B82D-0A45641C1E68}.Release|Any CPU.ActiveCfg = Release|Any CPU
		{4DB13649-C818-4D42-B82D-0A45641C1E68}.Release|Any CPU.Build.0 = Release|Any CPU
		{C025C575-38AD-4AC6-837B-BE75D268B0D2}.Debug|Any CPU.ActiveCfg = Debug|Any CPU
		{C025C575-38AD-4AC6-837B-BE75D268B0D2}.Debug|Any CPU.Build.0 = Debug|Any CPU
		{C025C575-38AD-4AC6-837B-BE75D268B0D2}.Release|Any CPU.ActiveCfg = Release|Any CPU
		{C025C575-38AD-4AC6-837B-BE75D268B0D2}.Release|Any CPU.Build.0 = Release|Any CPU
		{18CDCBF1-2792-4C81-BF14-D96BC929AC4E}.Debug|Any CPU.ActiveCfg = Debug|Any CPU
		{18CDCBF1-2792-4C81-BF14-D96BC929AC4E}.Debug|Any CPU.Build.0 = Debug|Any CPU
		{18CDCBF1-2792-4C81-BF14-D96BC929AC4E}.Release|Any CPU.ActiveCfg = Release|Any CPU
		{18CDCBF1-2792-4C81-BF14-D96BC929AC4E}.Release|Any CPU.Build.0 = Release|Any CPU
	EndGlobalSection
	GlobalSection(SolutionProperties) = preSolution
		HideSolutionNode = FALSE
	EndGlobalSection
	GlobalSection(NestedProjects) = preSolution
		{A73B887D-4B28-4B95-9C31-C91C8638D8A1} = {67F49AFC-51F1-4936-AD83-074D6A96278F}
		{EDFCDEAB-B0FC-4F30-9679-C3FD6E452257} = {67F49AFC-51F1-4936-AD83-074D6A96278F}
		{5CDE2C82-7800-47E9-9BA5-C9266A813BC8} = {67F49AFC-51F1-4936-AD83-074D6A96278F}
		{2B84D854-100A-430B-A3E3-A3ED5F176533} = {A73B887D-4B28-4B95-9C31-C91C8638D8A1}
		{D723E159-21AE-45F5-81F5-9E72AD964C42} = {A73B887D-4B28-4B95-9C31-C91C8638D8A1}
		{5256C3F4-F73B-44BA-9D66-7B30B380FB0D} = {A73B887D-4B28-4B95-9C31-C91C8638D8A1}
		{4DB13649-C818-4D42-B82D-0A45641C1E68} = {EDFCDEAB-B0FC-4F30-9679-C3FD6E452257}
		{C025C575-38AD-4AC6-837B-BE75D268B0D2} = {EDFCDEAB-B0FC-4F30-9679-C3FD6E452257}
		{18CDCBF1-2792-4C81-BF14-D96BC929AC4E} = {5CDE2C82-7800-47E9-9BA5-C9266A813BC8}
	EndGlobalSection
	GlobalSection(ExtensibilityGlobals) = postSolution
		SolutionGuid = {8B163608-7B3C-4DF5-B8C0-7D228DDE6B6A}
	EndGlobalSection
EndGlobal
